
Microsoft Visual Studio Solution File, Format Version 12.00
# Visual Studio Version 17
VisualStudioVersion = 17.4.33110.190
MinimumVisualStudioVersion = 10.0.40219.1
Project("{FAE04EC0-301F-11D3-BF4B-00C04F79EFBC}") = "TilenTask0", "TilenTask0\TilenTask0.csproj", "{4A247609-EFAC-43AE-BB71-3D3082D762AB}"
EndProject
Global
	GlobalSection(SolutionConfigurationPlatforms) = preSolution
		Debug|Any CPU = Debug|Any CPU
		Release|Any CPU = Release|Any CPU
	EndGlobalSection
	GlobalSection(ProjectConfigurationPlatforms) = postSolution
		{4A247609-EFAC-43AE-BB71-3D3082D762AB}.Debug|Any CPU.ActiveCfg = Debug|Any CPU
		{4A247609-EFAC-43AE-BB71-3D3082D762AB}.Debug|Any CPU.Build.0 = Debug|Any CPU
		{4A247609-EFAC-43AE-BB71-3D3082D762AB}.Release|Any CPU.ActiveCfg = Release|Any CPU
		{4A247609-EFAC-43AE-BB71-3D3082D762AB}.Release|Any CPU.Build.0 = Release|Any CPU
	EndGlobalSection
	GlobalSection(SolutionProperties) = preSolution
		HideSolutionNode = FALSE
	EndGlobalSection
	GlobalSection(ExtensibilityGlobals) = postSolution
		SolutionGuid = {C36A1BD6-5185-4D1A-B066-4332566A3CDB}
	EndGlobalSection
EndGlobal
